// !$*UTF8*$!
{
	archiveVersion = 1;
	classes = {
	};
	objectVersion = 56;
	objects = {

/* Begin PBXBuildFile section */
		49AE179129D29572004FA19A /* AppDelegate.swift in Sources */ = {isa = PBXBuildFile; fileRef = 49AE179029D29572004FA19A /* AppDelegate.swift */; };
		49AE179329D29572004FA19A /* SceneDelegate.swift in Sources */ = {isa = PBXBuildFile; fileRef = 49AE179229D29572004FA19A /* SceneDelegate.swift */; };
		49AE179529D29572004FA19A /* ViewController.swift in Sources */ = {isa = PBXBuildFile; fileRef = 49AE179429D29572004FA19A /* ViewController.swift */; };
		49AE179A29D29575004FA19A /* Assets.xcassets in Resources */ = {isa = PBXBuildFile; fileRef = 49AE179929D29575004FA19A /* Assets.xcassets */; };
		49AE179D29D29575004FA19A /* LaunchScreen.storyboard in Resources */ = {isa = PBXBuildFile; fileRef = 49AE179B29D29575004FA19A /* LaunchScreen.storyboard */; };
		49AE17A729D29741004FA19A /* SnapKit in Frameworks */ = {isa = PBXBuildFile; productRef = 49AE17A629D29741004FA19A /* SnapKit */; };
		6DFE91DA8125C5B2D3E67737 /* Pods_SpreadsheetViewSample.framework in Frameworks */ = {isa = PBXBuildFile; fileRef = A95024830FE20988D2F92796 /* Pods_SpreadsheetViewSample.framework */; };
/* End PBXBuildFile section */

/* Begin PBXFileReference section */
		042B0957CA63E2A6577119E4 /* Pods-SpreadsheetViewSample.release.xcconfig */ = {isa = PBXFileReference; includeInIndex = 1; lastKnownFileType = text.xcconfig; name = "Pods-SpreadsheetViewSample.release.xcconfig"; path = "Target Support Files/Pods-SpreadsheetViewSample/Pods-SpreadsheetViewSample.release.xcconfig"; sourceTree = "<group>"; };
		49AE178D29D29572004FA19A /* SpreadsheetViewSample.app */ = {isa = PBXFileReference; explicitFileType = wrapper.application; includeInIndex = 0; path = SpreadsheetViewSample.app; sourceTree = BUILT_PRODUCTS_DIR; };
		49AE179029D29572004FA19A /* AppDelegate.swift */ = {isa = PBXFileReference; lastKnownFileType = sourcecode.swift; path = AppDelegate.swift; sourceTree = "<group>"; };
		49AE179229D29572004FA19A /* SceneDelegate.swift */ = {isa = PBXFileReference; lastKnownFileType = sourcecode.swift; path = SceneDelegate.swift; sourceTree = "<group>"; };
		49AE179429D29572004FA19A /* ViewController.swift */ = {isa = PBXFileReference; lastKnownFileType = sourcecode.swift; path = ViewController.swift; sourceTree = "<group>"; };
		49AE179929D29575004FA19A /* Assets.xcassets */ = {isa = PBXFileReference; lastKnownFileType = folder.assetcatalog; path = Assets.xcassets; sourceTree = "<group>"; };
		49AE179C29D29575004FA19A /* Base */ = {isa = PBXFileReference; lastKnownFileType = file.storyboard; name = Base; path = Base.lproj/LaunchScreen.storyboard; sourceTree = "<group>"; };
		49AE179E29D29575004FA19A /* Info.plist */ = {isa = PBXFileReference; lastKnownFileType = text.plist.xml; path = Info.plist; sourceTree = "<group>"; };
		79E2D064AC1E9A79E5C4C3F7 /* Pods-SpreadsheetViewSample.debug.xcconfig */ = {isa = PBXFileReference; includeInIndex = 1; lastKnownFileType = text.xcconfig; name = "Pods-SpreadsheetViewSample.debug.xcconfig"; path = "Target Support Files/Pods-SpreadsheetViewSample/Pods-SpreadsheetViewSample.debug.xcconfig"; sourceTree = "<group>"; };
		A95024830FE20988D2F92796 /* Pods_SpreadsheetViewSample.framework */ = {isa = PBXFileReference; explicitFileType = wrapper.framework; includeInIndex = 0; path = Pods_SpreadsheetViewSample.framework; sourceTree = BUILT_PRODUCTS_DIR; };
/* End PBXFileReference section */

/* Begin PBXFrameworksBuildPhase section */
		49AE178A29D29572004FA19A /* Frameworks */ = {
			isa = PBXFrameworksBuildPhase;
			buildActionMask = 2147483647;
			files = (
				6DFE91DA8125C5B2D3E67737 /* Pods_SpreadsheetViewSample.framework in Frameworks */,
				49AE17A729D29741004FA19A /* SnapKit in Frameworks */,
			);
			runOnlyForDeploymentPostprocessing = 0;
		};
/* End PBXFrameworksBuildPhase section */

/* Begin PBXGroup section */
		01F601C5384FD451667703AA /* Pods */ = {
			isa = PBXGroup;
			children = (
				79E2D064AC1E9A79E5C4C3F7 /* Pods-SpreadsheetViewSample.debug.xcconfig */,
				042B0957CA63E2A6577119E4 /* Pods-SpreadsheetViewSample.release.xcconfig */,
			);
			path = Pods;
			sourceTree = "<group>";
		};
		49AE178429D29572004FA19A = {
			isa = PBXGroup;
			children = (
				49AE178F29D29572004FA19A /* SpreadsheetViewSample */,
				49AE178E29D29572004FA19A /* Products */,
				01F601C5384FD451667703AA /* Pods */,
				7F003BD1556F3E5DB44CE8D6 /* Frameworks */,
			);
			sourceTree = "<group>";
		};
		49AE178E29D29572004FA19A /* Products */ = {
			isa = PBXGroup;
			children = (
				49AE178D29D29572004FA19A /* SpreadsheetViewSample.app */,
			);
			name = Products;
			sourceTree = "<group>";
		};
		49AE178F29D29572004FA19A /* SpreadsheetViewSample */ = {
			isa = PBXGroup;
			children = (
				49AE17A429D29606004FA19A /* Delegate */,
				49AE179429D29572004FA19A /* ViewController.swift */,
				49AE179929D29575004FA19A /* Assets.xcassets */,
				49AE179B29D29575004FA19A /* LaunchScreen.storyboard */,
				49AE179E29D29575004FA19A /* Info.plist */,
			);
			path = SpreadsheetViewSample;
			sourceTree = "<group>";
		};
		49AE17A429D29606004FA19A /* Delegate */ = {
			isa = PBXGroup;
			children = (
				49AE179029D29572004FA19A /* AppDelegate.swift */,
				49AE179229D29572004FA19A /* SceneDelegate.swift */,
			);
			path = Delegate;
			sourceTree = "<group>";
		};
		7F003BD1556F3E5DB44CE8D6 /* Frameworks */ = {
			isa = PBXGroup;
			children = (
				A95024830FE20988D2F92796 /* Pods_SpreadsheetViewSample.framework */,
			);
			name = Frameworks;
			sourceTree = "<group>";
		};
/* End PBXGroup section */

/* Begin PBXNativeTarget section */
		49AE178C29D29572004FA19A /* SpreadsheetViewSample */ = {
			isa = PBXNativeTarget;
			buildConfigurationList = 49AE17A129D29575004FA19A /* Build configuration list for PBXNativeTarget "SpreadsheetViewSample" */;
			buildPhases = (
				9E2F054F89A618BDA9F158EB /* [CP] Check Pods Manifest.lock */,
				49AE178929D29572004FA19A /* Sources */,
				49AE178A29D29572004FA19A /* Frameworks */,
				49AE178B29D29572004FA19A /* Resources */,
				C57E53A1B682E4437D9D39B2 /* [CP] Embed Pods Frameworks */,
			);
			buildRules = (
			);
			dependencies = (
			);
			name = SpreadsheetViewSample;
			packageProductDependencies = (
				49AE17A629D29741004FA19A /* SnapKit */,
			);
			productName = SpreadsheetViewSample;
			productReference = 49AE178D29D29572004FA19A /* SpreadsheetViewSample.app */;
			productType = "com.apple.product-type.application";
		};
/* End PBXNativeTarget section */

/* Begin PBXProject section */
		49AE178529D29572004FA19A /* Project object */ = {
			isa = PBXProject;
			attributes = {
				BuildIndependentTargetsInParallel = 1;
				LastSwiftUpdateCheck = 1420;
				LastUpgradeCheck = 1420;
				TargetAttributes = {
					49AE178C29D29572004FA19A = {
						CreatedOnToolsVersion = 14.2;
					};
				};
			};
			buildConfigurationList = 49AE178829D29572004FA19A /* Build configuration list for PBXProject "SpreadsheetViewSample" */;
			compatibilityVersion = "Xcode 14.0";
			developmentRegion = en;
			hasScannedForEncodings = 0;
			knownRegions = (
				en,
				Base,
			);
			mainGroup = 49AE178429D29572004FA19A;
			packageReferences = (
				49AE17A529D29741004FA19A /* XCRemoteSwiftPackageReference "SnapKit" */,
			);
			productRefGroup = 49AE178E29D29572004FA19A /* Products */;
			projectDirPath = "";
			projectRoot = "";
			targets = (
				49AE178C29D29572004FA19A /* SpreadsheetViewSample */,
			);
		};
/* End PBXProject section */

/* Begin PBXResourcesBuildPhase section */
		49AE178B29D29572004FA19A /* Resources */ = {
			isa = PBXResourcesBuildPhase;
			buildActionMask = 2147483647;
			files = (
				49AE179D29D29575004FA19A /* LaunchScreen.storyboard in Resources */,
				49AE179A29D29575004FA19A /* Assets.xcassets in Resources */,
			);
			runOnlyForDeploymentPostprocessing = 0;
		};
/* End PBXResourcesBuildPhase section */

/* Begin PBXShellScriptBuildPhase section */
		9E2F054F89A618BDA9F158EB /* [CP] Check Pods Manifest.lock */ = {
			isa = PBXShellScriptBuildPhase;
			buildActionMask = 2147483647;
			files = (
			);
			inputFileListPaths = (
			);
			inputPaths = (
				"${PODS_PODFILE_DIR_PATH}/Podfile.lock",
				"${PODS_ROOT}/Manifest.lock",
			);
			name = "[CP] Check Pods Manifest.lock";
			outputFileListPaths = (
			);
			outputPaths = (
				"$(DERIVED_FILE_DIR)/Pods-SpreadsheetViewSample-checkManifestLockResult.txt",
			);
			runOnlyForDeploymentPostprocessing = 0;
			shellPath = /bin/sh;
			shellScript = "diff \"${PODS_PODFILE_DIR_PATH}/Podfile.lock\" \"${PODS_ROOT}/Manifest.lock\" > /dev/null\nif [ $? != 0 ] ; then\n    # print error to STDERR\n    echo \"error: The sandbox is not in sync with the Podfile.lock. Run 'pod install' or update your CocoaPods installation.\" >&2\n    exit 1\nfi\n# This output is used by Xcode 'outputs' to avoid re-running this script phase.\necho \"SUCCESS\" > \"${SCRIPT_OUTPUT_FILE_0}\"\n";
			showEnvVarsInLog = 0;
		};
		C57E53A1B682E4437D9D39B2 /* [CP] Embed Pods Frameworks */ = {
			isa = PBXShellScriptBuildPhase;
			buildActionMask = 2147483647;
			files = (
			);
			inputFileListPaths = (
				"${PODS_ROOT}/Target Support Files/Pods-SpreadsheetViewSample/Pods-SpreadsheetViewSample-frameworks-${CONFIGURATION}-input-files.xcfilelist",
			);
			name = "[CP] Embed Pods Frameworks";
			outputFileListPaths = (
				"${PODS_ROOT}/Target Support Files/Pods-SpreadsheetViewSample/Pods-SpreadsheetViewSample-frameworks-${CONFIGURATION}-output-files.xcfilelist",
			);
			runOnlyForDeploymentPostprocessing = 0;
			shellPath = /bin/sh;
			shellScript = "\"${PODS_ROOT}/Target Support Files/Pods-SpreadsheetViewSample/Pods-SpreadsheetViewSample-frameworks.sh\"\n";
			showEnvVarsInLog = 0;
		};
/* End PBXShellScriptBuildPhase section */

/* Begin PBXSourcesBuildPhase section */
		49AE178929D29572004FA19A /* Sources */ = {
			isa = PBXSourcesBuildPhase;
			buildActionMask = 2147483647;
			files = (
				49AE179529D29572004FA19A /* ViewController.swift in Sources */,
				49AE179129D29572004FA19A /* AppDelegate.swift in Sources */,
				49AE179329D29572004FA19A /* SceneDelegate.swift in Sources */,
			);
			runOnlyForDeploymentPostprocessing = 0;
		};
/* End PBXSourcesBuildPhase section */

/* Begin PBXVariantGroup section */
		49AE179B29D29575004FA19A /* LaunchScreen.storyboard */ = {
			isa = PBXVariantGroup;
			children = (
				49AE179C29D29575004FA19A /* Base */,
			);
			name = LaunchScreen.storyboard;
			sourceTree = "<group>";
		};
/* End PBXVariantGroup section */

/* Begin XCBuildConfiguration section */
		49AE179F29D29575004FA19A /* Debug */ = {
			isa = XCBuildConfiguration;
			buildSettings = {
				ALWAYS_SEARCH_USER_PATHS = NO;
				CLANG_ANALYZER_NONNULL = YES;
				CLANG_ANALYZER_NUMBER_OBJECT_CONVERSION = YES_AGGRESSIVE;
				CLANG_CXX_LANGUAGE_STANDARD = "gnu++20";
				CLANG_ENABLE_MODULES = YES;
				CLANG_ENABLE_OBJC_ARC = YES;
				CLANG_ENABLE_OBJC_WEAK = YES;
				CLANG_WARN_BLOCK_CAPTURE_AUTORELEASING = YES;
				CLANG_WARN_BOOL_CONVERSION = YES;
				CLANG_WARN_COMMA = YES;
				CLANG_WARN_CONSTANT_CONVERSION = YES;
				CLANG_WARN_DEPRECATED_OBJC_IMPLEMENTATIONS = YES;
				CLANG_WARN_DIRECT_OBJC_ISA_USAGE = YES_ERROR;
				CLANG_WARN_DOCUMENTATION_COMMENTS = YES;
				CLANG_WARN_EMPTY_BODY = YES;
				CLANG_WARN_ENUM_CONVERSION = YES;
				CLANG_WARN_INFINITE_RECURSION = YES;
				CLANG_WARN_INT_CONVERSION = YES;
				CLANG_WARN_NON_LITERAL_NULL_CONVERSION = YES;
				CLANG_WARN_OBJC_IMPLICIT_RETAIN_SELF = YES;
				CLANG_WARN_OBJC_LITERAL_CONVERSION = YES;
				CLANG_WARN_OBJC_ROOT_CLASS = YES_ERROR;
				CLANG_WARN_QUOTED_INCLUDE_IN_FRAMEWORK_HEADER = YES;
				CLANG_WARN_RANGE_LOOP_ANALYSIS = YES;
				CLANG_WARN_STRICT_PROTOTYPES = YES;
				CLANG_WARN_SUSPICIOUS_MOVE = YES;
				CLANG_WARN_UNGUARDED_AVAILABILITY = YES_AGGRESSIVE;
				CLANG_WARN_UNREACHABLE_CODE = YES;
				CLANG_WARN__DUPLICATE_METHOD_MATCH = YES;
				COPY_PHASE_STRIP = NO;
				DEBUG_INFORMATION_FORMAT = dwarf;
				ENABLE_STRICT_OBJC_MSGSEND = YES;
				ENABLE_TESTABILITY = YES;
				GCC_C_LANGUAGE_STANDARD = gnu11;
				GCC_DYNAMIC_NO_PIC = NO;
				GCC_NO_COMMON_BLOCKS = YES;
				GCC_OPTIMIZATION_LEVEL = 0;
				GCC_PREPROCESSOR_DEFINITIONS = (
					"DEBUG=1",
					"$(inherited)",
				);
				GCC_WARN_64_TO_32_BIT_CONVERSION = YES;
				GCC_WARN_ABOUT_RETURN_TYPE = YES_ERROR;
				GCC_WARN_UNDECLARED_SELECTOR = YES;
				GCC_WARN_UNINITIALIZED_AUTOS = YES_AGGRESSIVE;
				GCC_WARN_UNUSED_FUNCTION = YES;
				GCC_WARN_UNUSED_VARIABLE = YES;
				IPHONEOS_DEPLOYMENT_TARGET = 16.2;
				MTL_ENABLE_DEBUG_INFO = INCLUDE_SOURCE;
				MTL_FAST_MATH = YES;
				ONLY_ACTIVE_ARCH = YES;
				SDKROOT = iphoneos;
				SWIFT_ACTIVE_COMPILATION_CONDITIONS = DEBUG;
				SWIFT_OPTIMIZATION_LEVEL = "-Onone";
			};
			name = Debug;
		};
		49AE17A029D29575004FA19A /* Release */ = {
			isa = XCBuildConfiguration;
			buildSettings = {
				ALWAYS_SEARCH_USER_PATHS = NO;
				CLANG_ANALYZER_NONNULL = YES;
				CLANG_ANALYZER_NUMBER_OBJECT_CONVERSION = YES_AGGRESSIVE;
				CLANG_CXX_LANGUAGE_STANDARD = "gnu++20";
				CLANG_ENABLE_MODULES = YES;
				CLANG_ENABLE_OBJC_ARC = YES;
				CLANG_ENABLE_OBJC_WEAK = YES;
				CLANG_WARN_BLOCK_CAPTURE_AUTORELEASING = YES;
				CLANG_WARN_BOOL_CONVERSION = YES;
				CLANG_WARN_COMMA = YES;
				CLANG_WARN_CONSTANT_CONVERSION = YES;
				CLANG_WARN_DEPRECATED_OBJC_IMPLEMENTATIONS = YES;
				CLANG_WARN_DIRECT_OBJC_ISA_USAGE = YES_ERROR;
				CLANG_WARN_DOCUMENTATION_COMMENTS = YES;
				CLANG_WARN_EMPTY_BODY = YES;
				CLANG_WARN_ENUM_CONVERSION = YES;
				CLANG_WARN_INFINITE_RECURSION = YES;
				CLANG_WARN_INT_CONVERSION = YES;
				CLANG_WARN_NON_LITERAL_NULL_CONVERSION = YES;
				CLANG_WARN_OBJC_IMPLICIT_RETAIN_SELF = YES;
				CLANG_WARN_OBJC_LITERAL_CONVERSION = YES;
				CLANG_WARN_OBJC_ROOT_CLASS = YES_ERROR;
				CLANG_WARN_QUOTED_INCLUDE_IN_FRAMEWORK_HEADER = YES;
				CLANG_WARN_RANGE_LOOP_ANALYSIS = YES;
				CLANG_WARN_STRICT_PROTOTYPES = YES;
				CLANG_WARN_SUSPICIOUS_MOVE = YES;
				CLANG_WARN_UNGUARDED_AVAILABILITY = YES_AGGRESSIVE;
				CLANG_WARN_UNREACHABLE_CODE = YES;
				CLANG_WARN__DUPLICATE_METHOD_MATCH = YES;
				COPY_PHASE_STRIP = NO;
				DEBUG_INFORMATION_FORMAT = "dwarf-with-dsym";
				ENABLE_NS_ASSERTIONS = NO;
				ENABLE_STRICT_OBJC_MSGSEND = YES;
				GCC_C_LANGUAGE_STANDARD = gnu11;
				GCC_NO_COMMON_BLOCKS = YES;
				GCC_WARN_64_TO_32_BIT_CONVERSION = YES;
				GCC_WARN_ABOUT_RETURN_TYPE = YES_ERROR;
				GCC_WARN_UNDECLARED_SELECTOR = YES;
				GCC_WARN_UNINITIALIZED_AUTOS = YES_AGGRESSIVE;
				GCC_WARN_UNUSED_FUNCTION = YES;
				GCC_WARN_UNUSED_VARIABLE = YES;
				IPHONEOS_DEPLOYMENT_TARGET = 16.2;
				MTL_ENABLE_DEBUG_INFO = NO;
				MTL_FAST_MATH = YES;
				SDKROOT = iphoneos;
				SWIFT_COMPILATION_MODE = wholemodule;
				SWIFT_OPTIMIZATION_LEVEL = "-O";
				VALIDATE_PRODUCT = YES;
			};
			name = Release;
		};
		49AE17A229D29575004FA19A /* Debug */ = {
			isa = XCBuildConfiguration;
			baseConfigurationReference = 79E2D064AC1E9A79E5C4C3F7 /* Pods-SpreadsheetViewSample.debug.xcconfig */;
			buildSettings = {
				ASSETCATALOG_COMPILER_APPICON_NAME = AppIcon;
				ASSETCATALOG_COMPILER_GLOBAL_ACCENT_COLOR_NAME = AccentColor;
				CODE_SIGN_STYLE = Automatic;
				CURRENT_PROJECT_VERSION = 1;
				DEVELOPMENT_TEAM = HDFLLXK789;
				GENERATE_INFOPLIST_FILE = YES;
				INFOPLIST_FILE = SpreadsheetViewSample/Info.plist;
				INFOPLIST_KEY_UIApplicationSupportsIndirectInputEvents = YES;
				INFOPLIST_KEY_UILaunchStoryboardName = LaunchScreen;
				INFOPLIST_KEY_UIMainStoryboardFile = "";
				INFOPLIST_KEY_UISupportedInterfaceOrientations_iPad = "UIInterfaceOrientationPortrait UIInterfaceOrientationPortraitUpsideDown UIInterfaceOrientationLandscapeLeft UIInterfaceOrientationLandscapeRight";
				INFOPLIST_KEY_UISupportedInterfaceOrientations_iPhone = "UIInterfaceOrientationPortrait UIInterfaceOrientationLandscapeLeft UIInterfaceOrientationLandscapeRight";
				LD_RUNPATH_SEARCH_PATHS = (
					"$(inherited)",
					"@executable_path/Frameworks",
				);
				MARKETING_VERSION = 1.0;
				PRODUCT_BUNDLE_IDENTIFIER = com.ycompany.SpreadsheetViewSample;
				PRODUCT_NAME = "$(TARGET_NAME)";
				SWIFT_EMIT_LOC_STRINGS = YES;
				SWIFT_VERSION = 5.0;
				TARGETED_DEVICE_FAMILY = "1,2";
			};
			name = Debug;
		};
		49AE17A329D29575004FA19A /* Release */ = {
			isa = XCBuildConfiguration;
			baseConfigurationReference = 042B0957CA63E2A6577119E4 /* Pods-SpreadsheetViewSample.release.xcconfig */;
			buildSettings = {
				ASSETCATALOG_COMPILER_APPICON_NAME = AppIcon;
				ASSETCATALOG_COMPILER_GLOBAL_ACCENT_COLOR_NAME = AccentColor;
				CODE_SIGN_STYLE = Automatic;
				CURRENT_PROJECT_VERSION = 1;
				DEVELOPMENT_TEAM = HDFLLXK789;
				GENERATE_INFOPLIST_FILE = YES;
				INFOPLIST_FILE = SpreadsheetViewSample/Info.plist;
				INFOPLIST_KEY_UIApplicationSupportsIndirectInputEvents = YES;
				INFOPLIST_KEY_UILaunchStoryboardName = LaunchScreen;
				INFOPLIST_KEY_UIMainStoryboardFile = "";
				INFOPLIST_KEY_UISupportedInterfaceOrientations_iPad = "UIInterfaceOrientationPortrait UIInterfaceOrientationPortraitUpsideDown UIInterfaceOrientationLandscapeLeft UIInterfaceOrientationLandscapeRight";
				INFOPLIST_KEY_UISupportedInterfaceOrientations_iPhone = "UIInterfaceOrientationPortrait UIInterfaceOrientationLandscapeLeft UIInterfaceOrientationLandscapeRight";
				LD_RUNPATH_SEARCH_PATHS = (
					"$(inherited)",
					"@executable_path/Frameworks",
				);
				MARKETING_VERSION = 1.0;
				PRODUCT_BUNDLE_IDENTIFIER = com.ycompany.SpreadsheetViewSample;
				PRODUCT_NAME = "$(TARGET_NAME)";
				SWIFT_EMIT_LOC_STRINGS = YES;
				SWIFT_VERSION = 5.0;
				TARGETED_DEVICE_FAMILY = "1,2";
			};
			name = Release;
		};
/* End XCBuildConfiguration section */

/* Begin XCConfigurationList section */
		49AE178829D29572004FA19A /* Build configuration list for PBXProject "SpreadsheetViewSample" */ = {
			isa = XCConfigurationList;
			buildConfigurations = (
				49AE179F29D29575004FA19A /* Debug */,
				49AE17A029D29575004FA19A /* Release */,
			);
			defaultConfigurationIsVisible = 0;
			defaultConfigurationName = Release;
		};
		49AE17A129D29575004FA19A /* Build configuration list for PBXNativeTarget "SpreadsheetViewSample" */ = {
			isa = XCConfigurationList;
			buildConfigurations = (
				49AE17A229D29575004FA19A /* Debug */,
				49AE17A329D29575004FA19A /* Release */,
			);
			defaultConfigurationIsVisible = 0;
			defaultConfigurationName = Release;
		};
/* End XCConfigurationList section */

/* Begin XCRemoteSwiftPackageReference section */
		49AE17A529D29741004FA19A /* XCRemoteSwiftPackageReference "SnapKit" */ = {
			isa = XCRemoteSwiftPackageReference;
			repositoryURL = "https://github.com/SnapKit/SnapKit.git";
			requirement = {
				branch = develop;
				kind = branch;
			};
		};
/* End XCRemoteSwiftPackageReference section */

/* Begin XCSwiftPackageProductDependency section */
		49AE17A629D29741004FA19A /* SnapKit */ = {
			isa = XCSwiftPackageProductDependency;
			package = 49AE17A529D29741004FA19A /* XCRemoteSwiftPackageReference "SnapKit" */;
			productName = SnapKit;
		};
/* End XCSwiftPackageProductDependency section */
	};
	rootObject = 49AE178529D29572004FA19A /* Project object */;
}
